// !$*UTF8*$!
{
	archiveVersion = 1;
	classes = {
	};
	objectVersion = 56;
	objects = {

/* Begin PBXBuildFile section */
		E30071082A6129CD001916E3 /* Funcs.swift in Sources */ = {isa = PBXBuildFile; fileRef = E30071072A6129CD001916E3 /* Funcs.swift */; };
		E30071392A617DCD001916E3 /* SehirTableViewCell.swift in Sources */ = {isa = PBXBuildFile; fileRef = E30071372A617DCD001916E3 /* SehirTableViewCell.swift */; };
		E300713A2A617DCD001916E3 /* SehirTableViewCell.xib in Resources */ = {isa = PBXBuildFile; fileRef = E30071382A617DCD001916E3 /* SehirTableViewCell.xib */; };
		E30997692A53F1F70095457F /* Model.swift in Sources */ = {isa = PBXBuildFile; fileRef = E30997682A53F1F70095457F /* Model.swift */; };
		E30997722A54530D0095457F /* mainViewController.swift in Sources */ = {isa = PBXBuildFile; fileRef = E30997712A54530D0095457F /* mainViewController.swift */; };
		E30997762A5453670095457F /* haftalikViewController.swift in Sources */ = {isa = PBXBuildFile; fileRef = E30997752A5453670095457F /* haftalikViewController.swift */; };
		E309977D2A55C81C0095457F /* Model.xcdatamodeld in Sources */ = {isa = PBXBuildFile; fileRef = E309977B2A55C81C0095457F /* Model.xcdatamodeld */; };
		E31131AE2A56AF1000C77329 /* SaveLocationsViewController.swift in Sources */ = {isa = PBXBuildFile; fileRef = E31131AD2A56AF1000C77329 /* SaveLocationsViewController.swift */; };
		E31131B12A56B26600C77329 /* InformationViewController.swift in Sources */ = {isa = PBXBuildFile; fileRef = E31131B02A56B26600C77329 /* InformationViewController.swift */; };
		E34331E52A5BDD3B00D370F7 /* CollectionViewCell.swift in Sources */ = {isa = PBXBuildFile; fileRef = E34331E42A5BDD3B00D370F7 /* CollectionViewCell.swift */; };
		E3C2974C2A53150E00947CE6 /* AppDelegate.swift in Sources */ = {isa = PBXBuildFile; fileRef = E3C2974B2A53150E00947CE6 /* AppDelegate.swift */; };
		E3C2974E2A53150E00947CE6 /* SceneDelegate.swift in Sources */ = {isa = PBXBuildFile; fileRef = E3C2974D2A53150E00947CE6 /* SceneDelegate.swift */; };
		E3C297502A53150E00947CE6 /* ViewController.swift in Sources */ = {isa = PBXBuildFile; fileRef = E3C2974F2A53150E00947CE6 /* ViewController.swift */; };
		E3C297532A53150E00947CE6 /* Main.storyboard in Resources */ = {isa = PBXBuildFile; fileRef = E3C297512A53150E00947CE6 /* Main.storyboard */; };
		E3C297552A53150F00947CE6 /* Assets.xcassets in Resources */ = {isa = PBXBuildFile; fileRef = E3C297542A53150F00947CE6 /* Assets.xcassets */; };
		E3C297582A53150F00947CE6 /* LaunchScreen.storyboard in Resources */ = {isa = PBXBuildFile; fileRef = E3C297562A53150F00947CE6 /* LaunchScreen.storyboard */; };
		E3CEEEB02A5E7DC3008105E4 /* CollectionReusableView.swift in Sources */ = {isa = PBXBuildFile; fileRef = E3CEEEAF2A5E7DC3008105E4 /* CollectionReusableView.swift */; };
		E3CF819C2A5EBC1C0069E712 /* TableViewCell.swift in Sources */ = {isa = PBXBuildFile; fileRef = E3CF819B2A5EBC1C0069E712 /* TableViewCell.swift */; };
		E3CF81A02A5EBE370069E712 /* TableViewController.swift in Sources */ = {isa = PBXBuildFile; fileRef = E3CF819F2A5EBE370069E712 /* TableViewController.swift */; };
/* End PBXBuildFile section */

/* Begin PBXFileReference section */
		E30071072A6129CD001916E3 /* Funcs.swift */ = {isa = PBXFileReference; lastKnownFileType = sourcecode.swift; path = Funcs.swift; sourceTree = "<group>"; };
		E30071372A617DCD001916E3 /* SehirTableViewCell.swift */ = {isa = PBXFileReference; lastKnownFileType = sourcecode.swift; path = SehirTableViewCell.swift; sourceTree = "<group>"; };
		E30071382A617DCD001916E3 /* SehirTableViewCell.xib */ = {isa = PBXFileReference; lastKnownFileType = file.xib; path = SehirTableViewCell.xib; sourceTree = "<group>"; };
		E30997682A53F1F70095457F /* Model.swift */ = {isa = PBXFileReference; lastKnownFileType = sourcecode.swift; path = Model.swift; sourceTree = "<group>"; };
		E30997712A54530D0095457F /* mainViewController.swift */ = {isa = PBXFileReference; lastKnownFileType = sourcecode.swift; path = mainViewController.swift; sourceTree = "<group>"; };
		E30997752A5453670095457F /* haftalikViewController.swift */ = {isa = PBXFileReference; lastKnownFileType = sourcecode.swift; path = haftalikViewController.swift; sourceTree = "<group>"; };
		E309977C2A55C81C0095457F /* Model.xcdatamodel */ = {isa = PBXFileReference; lastKnownFileType = wrapper.xcdatamodel; path = Model.xcdatamodel; sourceTree = "<group>"; };
		E31131AD2A56AF1000C77329 /* SaveLocationsViewController.swift */ = {isa = PBXFileReference; lastKnownFileType = sourcecode.swift; path = SaveLocationsViewController.swift; sourceTree = "<group>"; };
		E31131B02A56B26600C77329 /* InformationViewController.swift */ = {isa = PBXFileReference; lastKnownFileType = sourcecode.swift; path = InformationViewController.swift; sourceTree = "<group>"; };
		E34331E42A5BDD3B00D370F7 /* CollectionViewCell.swift */ = {isa = PBXFileReference; lastKnownFileType = sourcecode.swift; path = CollectionViewCell.swift; sourceTree = "<group>"; };
		E3C297482A53150E00947CE6 /* WeatherApp.app */ = {isa = PBXFileReference; explicitFileType = wrapper.application; includeInIndex = 0; path = WeatherApp.app; sourceTree = BUILT_PRODUCTS_DIR; };
		E3C2974B2A53150E00947CE6 /* AppDelegate.swift */ = {isa = PBXFileReference; lastKnownFileType = sourcecode.swift; path = AppDelegate.swift; sourceTree = "<group>"; };
		E3C2974D2A53150E00947CE6 /* SceneDelegate.swift */ = {isa = PBXFileReference; lastKnownFileType = sourcecode.swift; path = SceneDelegate.swift; sourceTree = "<group>"; };
		E3C2974F2A53150E00947CE6 /* ViewController.swift */ = {isa = PBXFileReference; lastKnownFileType = sourcecode.swift; path = ViewController.swift; sourceTree = "<group>"; };
		E3C297522A53150E00947CE6 /* Base */ = {isa = PBXFileReference; lastKnownFileType = file.storyboard; name = Base; path = Base.lproj/Main.storyboard; sourceTree = "<group>"; };
		E3C297542A53150F00947CE6 /* Assets.xcassets */ = {isa = PBXFileReference; lastKnownFileType = folder.assetcatalog; path = Assets.xcassets; sourceTree = "<group>"; };
		E3C297572A53150F00947CE6 /* Base */ = {isa = PBXFileReference; lastKnownFileType = file.storyboard; name = Base; path = Base.lproj/LaunchScreen.storyboard; sourceTree = "<group>"; };
		E3C297592A53150F00947CE6 /* Info.plist */ = {isa = PBXFileReference; lastKnownFileType = text.plist.xml; path = Info.plist; sourceTree = "<group>"; };
		E3CEEEAF2A5E7DC3008105E4 /* CollectionReusableView.swift */ = {isa = PBXFileReference; lastKnownFileType = sourcecode.swift; path = CollectionReusableView.swift; sourceTree = "<group>"; };
		E3CF819B2A5EBC1C0069E712 /* TableViewCell.swift */ = {isa = PBXFileReference; lastKnownFileType = sourcecode.swift; path = TableViewCell.swift; sourceTree = "<group>"; };
		E3CF819F2A5EBE370069E712 /* TableViewController.swift */ = {isa = PBXFileReference; lastKnownFileType = sourcecode.swift; path = TableViewController.swift; sourceTree = "<group>"; };
/* End PBXFileReference section */

/* Begin PBXFrameworksBuildPhase section */
		E3C297452A53150E00947CE6 /* Frameworks */ = {
			isa = PBXFrameworksBuildPhase;
			buildActionMask = 2147483647;
			files = (
			);
			runOnlyForDeploymentPostprocessing = 0;
		};
/* End PBXFrameworksBuildPhase section */

/* Begin PBXGroup section */
		E30071032A612983001916E3 /* Functions */ = {
			isa = PBXGroup;
			children = (
				E30071072A6129CD001916E3 /* Funcs.swift */,
			);
			path = Functions;
			sourceTree = "<group>";
		};
		E30997652A53F1BA0095457F /* data */ = {
			isa = PBXGroup;
			children = (
				E30997682A53F1F70095457F /* Model.swift */,
			);
			path = data;
			sourceTree = "<group>";
		};
		E309976A2A5451280095457F /* GunlukHava */ = {
			isa = PBXGroup;
			children = (
				E3C2974F2A53150E00947CE6 /* ViewController.swift */,
			);
			path = GunlukHava;
			sourceTree = "<group>";
		};
		E309976B2A54517A0095457F /* mainViewConntroller */ = {
			isa = PBXGroup;
			children = (
				E30997712A54530D0095457F /* mainViewController.swift */,
			);
			path = mainViewConntroller;
			sourceTree = "<group>";
		};
		E309976C2A5451910095457F /* ShowLocationsList */ = {
			isa = PBXGroup;
			children = (
				E30997752A5453670095457F /* haftalikViewController.swift */,
				E30071372A617DCD001916E3 /* SehirTableViewCell.swift */,
				E30071382A617DCD001916E3 /* SehirTableViewCell.xib */,
			);
			path = ShowLocationsList;
			sourceTree = "<group>";
		};
		E309977E2A56A76F0095457F /* MapKit */ = {
			isa = PBXGroup;
			children = (
				E31131AD2A56AF1000C77329 /* SaveLocationsViewController.swift */,
			);
			path = MapKit;
			sourceTree = "<group>";
		};
		E31131AF2A56B23E00C77329 /* InformationVc */ = {
			isa = PBXGroup;
			children = (
				E31131B02A56B26600C77329 /* InformationViewController.swift */,
				E34331E42A5BDD3B00D370F7 /* CollectionViewCell.swift */,
				E3CEEEAF2A5E7DC3008105E4 /* CollectionReusableView.swift */,
				E3CF819B2A5EBC1C0069E712 /* TableViewCell.swift */,
				E3CF819F2A5EBE370069E712 /* TableViewController.swift */,
			);
			path = InformationVc;
			sourceTree = "<group>";
		};
		E3C2973F2A53150E00947CE6 = {
			isa = PBXGroup;
			children = (
				E3C2974A2A53150E00947CE6 /* WeatherApp */,
				E3C297492A53150E00947CE6 /* Products */,
			);
			sourceTree = "<group>";
		};
		E3C297492A53150E00947CE6 /* Products */ = {
			isa = PBXGroup;
			children = (
				E3C297482A53150E00947CE6 /* WeatherApp.app */,
			);
			name = Products;
			sourceTree = "<group>";
		};
		E3C2974A2A53150E00947CE6 /* WeatherApp */ = {
			isa = PBXGroup;
			children = (
				E30071032A612983001916E3 /* Functions */,
				E31131AF2A56B23E00C77329 /* InformationVc */,
				E309977E2A56A76F0095457F /* MapKit */,
				E309976C2A5451910095457F /* ShowLocationsList */,
				E309976B2A54517A0095457F /* mainViewConntroller */,
				E309976A2A5451280095457F /* GunlukHava */,
				E30997652A53F1BA0095457F /* data */,
				E3C297512A53150E00947CE6 /* Main.storyboard */,
				E3C2974D2A53150E00947CE6 /* SceneDelegate.swift */,
				E3C2974B2A53150E00947CE6 /* AppDelegate.swift */,
				E3C297592A53150F00947CE6 /* Info.plist */,
				E3C297562A53150F00947CE6 /* LaunchScreen.storyboard */,
				E3C297542A53150F00947CE6 /* Assets.xcassets */,
				E309977B2A55C81C0095457F /* Model.xcdatamodeld */,
			);
			path = WeatherApp;
			sourceTree = "<group>";
		};
/* End PBXGroup section */

/* Begin PBXNativeTarget section */
		E3C297472A53150E00947CE6 /* WeatherApp */ = {
			isa = PBXNativeTarget;
			buildConfigurationList = E3C2975C2A53150F00947CE6 /* Build configuration list for PBXNativeTarget "WeatherApp" */;
			buildPhases = (
				E3C297442A53150E00947CE6 /* Sources */,
				E3C297452A53150E00947CE6 /* Frameworks */,
				E3C297462A53150E00947CE6 /* Resources */,
			);
			buildRules = (
			);
			dependencies = (
			);
			name = WeatherApp;
			productName = WeatherApp;
			productReference = E3C297482A53150E00947CE6 /* WeatherApp.app */;
			productType = "com.apple.product-type.application";
		};
/* End PBXNativeTarget section */

/* Begin PBXProject section */
		E3C297402A53150E00947CE6 /* Project object */ = {
			isa = PBXProject;
			attributes = {
				BuildIndependentTargetsInParallel = 1;
				LastSwiftUpdateCheck = 1430;
				LastUpgradeCheck = 1430;
				TargetAttributes = {
					E3C297472A53150E00947CE6 = {
						CreatedOnToolsVersion = 14.3;
					};
				};
			};
			buildConfigurationList = E3C297432A53150E00947CE6 /* Build configuration list for PBXProject "WeatherApp" */;
			compatibilityVersion = "Xcode 14.0";
			developmentRegion = en;
			hasScannedForEncodings = 0;
			knownRegions = (
				en,
				Base,
			);
			mainGroup = E3C2973F2A53150E00947CE6;
			productRefGroup = E3C297492A53150E00947CE6 /* Products */;
			projectDirPath = "";
			projectRoot = "";
			targets = (
				E3C297472A53150E00947CE6 /* WeatherApp */,
			);
		};
/* End PBXProject section */

/* Begin PBXResourcesBuildPhase section */
		E3C297462A53150E00947CE6 /* Resources */ = {
			isa = PBXResourcesBuildPhase;
			buildActionMask = 2147483647;
			files = (
				E3C297582A53150F00947CE6 /* LaunchScreen.storyboard in Resources */,
				E300713A2A617DCD001916E3 /* SehirTableViewCell.xib in Resources */,
				E3C297552A53150F00947CE6 /* Assets.xcassets in Resources */,
				E3C297532A53150E00947CE6 /* Main.storyboard in Resources */,
			);
			runOnlyForDeploymentPostprocessing = 0;
		};
/* End PBXResourcesBuildPhase section */

/* Begin PBXSourcesBuildPhase section */
		E3C297442A53150E00947CE6 /* Sources */ = {
			isa = PBXSourcesBuildPhase;
			buildActionMask = 2147483647;
			files = (
				E31131B12A56B26600C77329 /* InformationViewController.swift in Sources */,
				E3CEEEB02A5E7DC3008105E4 /* CollectionReusableView.swift in Sources */,
				E3CF81A02A5EBE370069E712 /* TableViewController.swift in Sources */,
				E30071082A6129CD001916E3 /* Funcs.swift in Sources */,
				E34331E52A5BDD3B00D370F7 /* CollectionViewCell.swift in Sources */,
				E30997722A54530D0095457F /* mainViewController.swift in Sources */,
				E30071392A617DCD001916E3 /* SehirTableViewCell.swift in Sources */,
				E3C297502A53150E00947CE6 /* ViewController.swift in Sources */,
				E31131AE2A56AF1000C77329 /* SaveLocationsViewController.swift in Sources */,
				E309977D2A55C81C0095457F /* Model.xcdatamodeld in Sources */,
				E3C2974C2A53150E00947CE6 /* AppDelegate.swift in Sources */,
				E3C2974E2A53150E00947CE6 /* SceneDelegate.swift in Sources */,
				E3CF819C2A5EBC1C0069E712 /* TableViewCell.swift in Sources */,
				E30997762A5453670095457F /* haftalikViewController.swift in Sources */,
				E30997692A53F1F70095457F /* Model.swift in Sources */,
			);
			runOnlyForDeploymentPostprocessing = 0;
		};
/* End PBXSourcesBuildPhase section */

/* Begin PBXVariantGroup section */
		E3C297512A53150E00947CE6 /* Main.storyboard */ = {
			isa = PBXVariantGroup;
			children = (
				E3C297522A53150E00947CE6 /* Base */,
			);
			name = Main.storyboard;
			sourceTree = "<group>";
		};
		E3C297562A53150F00947CE6 /* LaunchScreen.storyboard */ = {
			isa = PBXVariantGroup;
			children = (
				E3C297572A53150F00947CE6 /* Base */,
			);
			name = LaunchScreen.storyboard;
			sourceTree = "<group>";
		};
/* End PBXVariantGroup section */

/* Begin XCBuildConfiguration section */
		E3C2975A2A53150F00947CE6 /* Debug */ = {
			isa = XCBuildConfiguration;
			buildSettings = {
				ALWAYS_SEARCH_USER_PATHS = NO;
				CLANG_ANALYZER_NONNULL = YES;
				CLANG_ANALYZER_NUMBER_OBJECT_CONVERSION = YES_AGGRESSIVE;
				CLANG_CXX_LANGUAGE_STANDARD = "gnu++20";
				CLANG_ENABLE_MODULES = YES;
				CLANG_ENABLE_OBJC_ARC = YES;
				CLANG_ENABLE_OBJC_WEAK = YES;
				CLANG_WARN_BLOCK_CAPTURE_AUTORELEASING = YES;
				CLANG_WARN_BOOL_CONVERSION = YES;
				CLANG_WARN_COMMA = YES;
				CLANG_WARN_CONSTANT_CONVERSION = YES;
				CLANG_WARN_DEPRECATED_OBJC_IMPLEMENTATIONS = YES;
				CLANG_WARN_DIRECT_OBJC_ISA_USAGE = YES_ERROR;
				CLANG_WARN_DOCUMENTATION_COMMENTS = YES;
				CLANG_WARN_EMPTY_BODY = YES;
				CLANG_WARN_ENUM_CONVERSION = YES;
				CLANG_WARN_INFINITE_RECURSION = YES;
				CLANG_WARN_INT_CONVERSION = YES;
				CLANG_WARN_NON_LITERAL_NULL_CONVERSION = YES;
				CLANG_WARN_OBJC_IMPLICIT_RETAIN_SELF = YES;
				CLANG_WARN_OBJC_LITERAL_CONVERSION = YES;
				CLANG_WARN_OBJC_ROOT_CLASS = YES_ERROR;
				CLANG_WARN_QUOTED_INCLUDE_IN_FRAMEWORK_HEADER = YES;
				CLANG_WARN_RANGE_LOOP_ANALYSIS = YES;
				CLANG_WARN_STRICT_PROTOTYPES = YES;
				CLANG_WARN_SUSPICIOUS_MOVE = YES;
				CLANG_WARN_UNGUARDED_AVAILABILITY = YES_AGGRESSIVE;
				CLANG_WARN_UNREACHABLE_CODE = YES;
				CLANG_WARN__DUPLICATE_METHOD_MATCH = YES;
				COPY_PHASE_STRIP = NO;
				DEBUG_INFORMATION_FORMAT = dwarf;
				ENABLE_STRICT_OBJC_MSGSEND = YES;
				ENABLE_TESTABILITY = YES;
				GCC_C_LANGUAGE_STANDARD = gnu11;
				GCC_DYNAMIC_NO_PIC = NO;
				GCC_NO_COMMON_BLOCKS = YES;
				GCC_OPTIMIZATION_LEVEL = 0;
				GCC_PREPROCESSOR_DEFINITIONS = (
					"DEBUG=1",
					"$(inherited)",
				);
				GCC_WARN_64_TO_32_BIT_CONVERSION = YES;
				GCC_WARN_ABOUT_RETURN_TYPE = YES_ERROR;
				GCC_WARN_UNDECLARED_SELECTOR = YES;
				GCC_WARN_UNINITIALIZED_AUTOS = YES_AGGRESSIVE;
				GCC_WARN_UNUSED_FUNCTION = YES;
				GCC_WARN_UNUSED_VARIABLE = YES;
				IPHONEOS_DEPLOYMENT_TARGET = 16.4;
				MTL_ENABLE_DEBUG_INFO = INCLUDE_SOURCE;
				MTL_FAST_MATH = YES;
				ONLY_ACTIVE_ARCH = YES;
				SDKROOT = iphoneos;
				SWIFT_ACTIVE_COMPILATION_CONDITIONS = DEBUG;
				SWIFT_OPTIMIZATION_LEVEL = "-Onone";
			};
			name = Debug;
		};
		E3C2975B2A53150F00947CE6 /* Release */ = {
			isa = XCBuildConfiguration;
			buildSettings = {
				ALWAYS_SEARCH_USER_PATHS = NO;
				CLANG_ANALYZER_NONNULL = YES;
				CLANG_ANALYZER_NUMBER_OBJECT_CONVERSION = YES_AGGRESSIVE;
				CLANG_CXX_LANGUAGE_STANDARD = "gnu++20";
				CLANG_ENABLE_MODULES = YES;
				CLANG_ENABLE_OBJC_ARC = YES;
				CLANG_ENABLE_OBJC_WEAK = YES;
				CLANG_WARN_BLOCK_CAPTURE_AUTORELEASING = YES;
				CLANG_WARN_BOOL_CONVERSION = YES;
				CLANG_WARN_COMMA = YES;
				CLANG_WARN_CONSTANT_CONVERSION = YES;
				CLANG_WARN_DEPRECATED_OBJC_IMPLEMENTATIONS = YES;
				CLANG_WARN_DIRECT_OBJC_ISA_USAGE = YES_ERROR;
				CLANG_WARN_DOCUMENTATION_COMMENTS = YES;
				CLANG_WARN_EMPTY_BODY = YES;
				CLANG_WARN_ENUM_CONVERSION = YES;
				CLANG_WARN_INFINITE_RECURSION = YES;
				CLANG_WARN_INT_CONVERSION = YES;
				CLANG_WARN_NON_LITERAL_NULL_CONVERSION = YES;
				CLANG_WARN_OBJC_IMPLICIT_RETAIN_SELF = YES;
				CLANG_WARN_OBJC_LITERAL_CONVERSION = YES;
				CLANG_WARN_OBJC_ROOT_CLASS = YES_ERROR;
				CLANG_WARN_QUOTED_INCLUDE_IN_FRAMEWORK_HEADER = YES;
				CLANG_WARN_RANGE_LOOP_ANALYSIS = YES;
				CLANG_WARN_STRICT_PROTOTYPES = YES;
				CLANG_WARN_SUSPICIOUS_MOVE = YES;
				CLANG_WARN_UNGUARDED_AVAILABILITY = YES_AGGRESSIVE;
				CLANG_WARN_UNREACHABLE_CODE = YES;
				CLANG_WARN__DUPLICATE_METHOD_MATCH = YES;
				COPY_PHASE_STRIP = NO;
				DEBUG_INFORMATION_FORMAT = "dwarf-with-dsym";
				ENABLE_NS_ASSERTIONS = NO;
				ENABLE_STRICT_OBJC_MSGSEND = YES;
				GCC_C_LANGUAGE_STANDARD = gnu11;
				GCC_NO_COMMON_BLOCKS = YES;
				GCC_WARN_64_TO_32_BIT_CONVERSION = YES;
				GCC_WARN_ABOUT_RETURN_TYPE = YES_ERROR;
				GCC_WARN_UNDECLARED_SELECTOR = YES;
				GCC_WARN_UNINITIALIZED_AUTOS = YES_AGGRESSIVE;
				GCC_WARN_UNUSED_FUNCTION = YES;
				GCC_WARN_UNUSED_VARIABLE = YES;
				IPHONEOS_DEPLOYMENT_TARGET = 16.4;
				MTL_ENABLE_DEBUG_INFO = NO;
				MTL_FAST_MATH = YES;
				SDKROOT = iphoneos;
				SWIFT_COMPILATION_MODE = wholemodule;
				SWIFT_OPTIMIZATION_LEVEL = "-O";
				VALIDATE_PRODUCT = YES;
			};
			name = Release;
		};
		E3C2975D2A53150F00947CE6 /* Debug */ = {
			isa = XCBuildConfiguration;
			buildSettings = {
				ASSETCATALOG_COMPILER_APPICON_NAME = AppIcon;
				ASSETCATALOG_COMPILER_GLOBAL_ACCENT_COLOR_NAME = AccentColor;
				CODE_SIGN_STYLE = Automatic;
				CURRENT_PROJECT_VERSION = 1;
				DEVELOPMENT_TEAM = 56GS54B6QC;
				GENERATE_INFOPLIST_FILE = YES;
				INFOPLIST_FILE = WeatherApp/Info.plist;
				INFOPLIST_KEY_UIApplicationSupportsIndirectInputEvents = YES;
				INFOPLIST_KEY_UILaunchStoryboardName = LaunchScreen;
				INFOPLIST_KEY_UIMainStoryboardFile = Main;
				INFOPLIST_KEY_UISupportedInterfaceOrientations_iPad = "UIInterfaceOrientationPortrait UIInterfaceOrientationPortraitUpsideDown UIInterfaceOrientationLandscapeLeft UIInterfaceOrientationLandscapeRight";
				INFOPLIST_KEY_UISupportedInterfaceOrientations_iPhone = "UIInterfaceOrientationPortrait UIInterfaceOrientationLandscapeLeft UIInterfaceOrientationLandscapeRight";
				LD_RUNPATH_SEARCH_PATHS = (
					"$(inherited)",
					"@executable_path/Frameworks",
				);
				MARKETING_VERSION = 1.0;
				PRODUCT_BUNDLE_IDENTIFIER = ahmethalil.WeatherApp;
				PRODUCT_NAME = "$(TARGET_NAME)";
				SWIFT_EMIT_LOC_STRINGS = YES;
				SWIFT_VERSION = 5.0;
				TARGETED_DEVICE_FAMILY = "1,2";
			};
			name = Debug;
		};
		E3C2975E2A53150F00947CE6 /* Release */ = {
			isa = XCBuildConfiguration;
			buildSettings = {
				ASSETCATALOG_COMPILER_APPICON_NAME = AppIcon;
				ASSETCATALOG_COMPILER_GLOBAL_ACCENT_COLOR_NAME = AccentColor;
				CODE_SIGN_STYLE = Automatic;
				CURRENT_PROJECT_VERSION = 1;
				DEVELOPMENT_TEAM = 56GS54B6QC;
				GENERATE_INFOPLIST_FILE = YES;
				INFOPLIST_FILE = WeatherApp/Info.plist;
				INFOPLIST_KEY_UIApplicationSupportsIndirectInputEvents = YES;
				INFOPLIST_KEY_UILaunchStoryboardName = LaunchScreen;
				INFOPLIST_KEY_UIMainStoryboardFile = Main;
				INFOPLIST_KEY_UISupportedInterfaceOrientations_iPad = "UIInterfaceOrientationPortrait UIInterfaceOrientationPortraitUpsideDown UIInterfaceOrientationLandscapeLeft UIInterfaceOrientationLandscapeRight";
				INFOPLIST_KEY_UISupportedInterfaceOrientations_iPhone = "UIInterfaceOrientationPortrait UIInterfaceOrientationLandscapeLeft UIInterfaceOrientationLandscapeRight";
				LD_RUNPATH_SEARCH_PATHS = (
					"$(inherited)",
					"@executable_path/Frameworks",
				);
				MARKETING_VERSION = 1.0;
				PRODUCT_BUNDLE_IDENTIFIER = ahmethalil.WeatherApp;
				PRODUCT_NAME = "$(TARGET_NAME)";
				SWIFT_EMIT_LOC_STRINGS = YES;
				SWIFT_VERSION = 5.0;
				TARGETED_DEVICE_FAMILY = "1,2";
			};
			name = Release;
		};
/* End XCBuildConfiguration section */

/* Begin XCConfigurationList section */
		E3C297432A53150E00947CE6 /* Build configuration list for PBXProject "WeatherApp" */ = {
			isa = XCConfigurationList;
			buildConfigurations = (
				E3C2975A2A53150F00947CE6 /* Debug */,
				E3C2975B2A53150F00947CE6 /* Release */,
			);
			defaultConfigurationIsVisible = 0;
			defaultConfigurationName = Release;
		};
		E3C2975C2A53150F00947CE6 /* Build configuration list for PBXNativeTarget "WeatherApp" */ = {
			isa = XCConfigurationList;
			buildConfigurations = (
				E3C2975D2A53150F00947CE6 /* Debug */,
				E3C2975E2A53150F00947CE6 /* Release */,
			);
			defaultConfigurationIsVisible = 0;
			defaultConfigurationName = Release;
		};
/* End XCConfigurationList section */

/* Begin XCVersionGroup section */
		E309977B2A55C81C0095457F /* Model.xcdatamodeld */ = {
			isa = XCVersionGroup;
			children = (
				E309977C2A55C81C0095457F /* Model.xcdatamodel */,
			);
			currentVersion = E309977C2A55C81C0095457F /* Model.xcdatamodel */;
			path = Model.xcdatamodeld;
			sourceTree = "<group>";
			versionGroupType = wrapper.xcdatamodel;
		};
/* End XCVersionGroup section */
	};
	rootObject = E3C297402A53150E00947CE6 /* Project object */;
}
